
Microsoft Visual Studio Solution File, Format Version 12.00
# Visual Studio Version 16
VisualStudioVersion = 16.0.29728.190
MinimumVisualStudioVersion = 10.0.40219.1
Project("{9A19103F-16F7-4668-BE54-9A1E7A4F7556}") = "ContinuousImprovement", "ContinuousImprovement\ContinuousImprovement.csproj", "{6839593C-A73E-48D8-B98E-10901D7F34B9}"
EndProject
Global
	GlobalSection(SolutionConfigurationPlatforms) = preSolution
		Debug|Any CPU = Debug|Any CPU
		Release|Any CPU = Release|Any CPU
	EndGlobalSection
	GlobalSection(ProjectConfigurationPlatforms) = postSolution
		{6839593C-A73E-48D8-B98E-10901D7F34B9}.Debug|Any CPU.ActiveCfg = Debug|Any CPU
		{6839593C-A73E-48D8-B98E-10901D7F34B9}.Debug|Any CPU.Build.0 = Debug|Any CPU
		{6839593C-A73E-48D8-B98E-10901D7F34B9}.Release|Any CPU.ActiveCfg = Release|Any CPU
		{6839593C-A73E-48D8-B98E-10901D7F34B9}.Release|Any CPU.Build.0 = Release|Any CPU
	EndGlobalSection
	GlobalSection(SolutionProperties) = preSolution
		HideSolutionNode = FALSE
	EndGlobalSection
	GlobalSection(ExtensibilityGlobals) = postSolution
		SolutionGuid = {A44563D1-0EDF-425C-B4AE-732622DC0423}
	EndGlobalSection
EndGlobal
